
Microsoft Visual Studio Solution File, Format Version 12.00
# Visual Studio Version 16
VisualStudioVersion = 16.0.30204.135
MinimumVisualStudioVersion = 10.0.40219.1
Project("{FAE04EC0-301F-11D3-BF4B-00C04F79EFBC}") = "BLLPcpModelApp", "BllPcpModelApp\BLLPcpModelApp.csproj", "{D0784E34-49FF-4B0E-8471-5B1C9B14A867}"
EndProject
Project("{FAE04EC0-301F-11D3-BF4B-00C04F79EFBC}") = "BLLPcpModelAppTests", "BLLPcpModelAppTests\BLLPcpModelAppTests.csproj", "{EA4CDD96-6A99-42E3-935F-08C2A0568792}"
EndProject
Project("{FAE04EC0-301F-11D3-BF4B-00C04F79EFBC}") = "PcpModelMvc5", "PcpModelMvc5\PcpModelMvc5.csproj", "{D0A24A94-B7A8-4ED9-BD56-03C9ABDAD504}"
EndProject
Project("{00D1A9C2-B5F0-4AF3-8072-F6C62B433612}") = "DbPcpModelApp", "DbPcpModelApp\DbPcpModelApp.sqlproj", "{2278B52B-C197-4DB6-A9A9-3FE312FC7FF7}"
EndProject
Global
	GlobalSection(SolutionConfigurationPlatforms) = preSolution
		Debug|Any CPU = Debug|Any CPU
		Release|Any CPU = Release|Any CPU
	EndGlobalSection
	GlobalSection(ProjectConfigurationPlatforms) = postSolution
		{D0784E34-49FF-4B0E-8471-5B1C9B14A867}.Debug|Any CPU.ActiveCfg = Debug|Any CPU
		{D0784E34-49FF-4B0E-8471-5B1C9B14A867}.Debug|Any CPU.Build.0 = Debug|Any CPU
		{D0784E34-49FF-4B0E-8471-5B1C9B14A867}.Release|Any CPU.ActiveCfg = Release|Any CPU
		{D0784E34-49FF-4B0E-8471-5B1C9B14A867}.Release|Any CPU.Build.0 = Release|Any CPU
		{EA4CDD96-6A99-42E3-935F-08C2A0568792}.Debug|Any CPU.ActiveCfg = Debug|Any CPU
		{EA4CDD96-6A99-42E3-935F-08C2A0568792}.Debug|Any CPU.Build.0 = Debug|Any CPU
		{EA4CDD96-6A99-42E3-935F-08C2A0568792}.Release|Any CPU.ActiveCfg = Release|Any CPU
		{EA4CDD96-6A99-42E3-935F-08C2A0568792}.Release|Any CPU.Build.0 = Release|Any CPU
		{D0A24A94-B7A8-4ED9-BD56-03C9ABDAD504}.Debug|Any CPU.ActiveCfg = Debug|Any CPU
		{D0A24A94-B7A8-4ED9-BD56-03C9ABDAD504}.Debug|Any CPU.Build.0 = Debug|Any CPU
		{D0A24A94-B7A8-4ED9-BD56-03C9ABDAD504}.Release|Any CPU.ActiveCfg = Release|Any CPU
		{D0A24A94-B7A8-4ED9-BD56-03C9ABDAD504}.Release|Any CPU.Build.0 = Release|Any CPU
		{2278B52B-C197-4DB6-A9A9-3FE312FC7FF7}.Debug|Any CPU.ActiveCfg = Debug|Any CPU
		{2278B52B-C197-4DB6-A9A9-3FE312FC7FF7}.Debug|Any CPU.Build.0 = Debug|Any CPU
		{2278B52B-C197-4DB6-A9A9-3FE312FC7FF7}.Debug|Any CPU.Deploy.0 = Debug|Any CPU
		{2278B52B-C197-4DB6-A9A9-3FE312FC7FF7}.Release|Any CPU.ActiveCfg = Release|Any CPU
		{2278B52B-C197-4DB6-A9A9-3FE312FC7FF7}.Release|Any CPU.Build.0 = Release|Any CPU
		{2278B52B-C197-4DB6-A9A9-3FE312FC7FF7}.Release|Any CPU.Deploy.0 = Release|Any CPU
	EndGlobalSection
	GlobalSection(SolutionProperties) = preSolution
		HideSolutionNode = FALSE
	EndGlobalSection
	GlobalSection(ExtensibilityGlobals) = postSolution
		SolutionGuid = {9A975A29-C60E-493B-ABD3-A4D01622D85A}
	EndGlobalSection
EndGlobal
